{
  "name": "5.4",
  "lockfileVersion": 3,
  "requires": true,
  "packages": {
    "": {
      "dependencies": {
        "types-registry": "^0.1.685"
      },
      "devDependencies": {
        "@types/bootstrap": "^5.2.10",
        "@types/browser-sync": "^2.29.0",
        "@types/chart.js": "^2.9.41",
        "@types/gulp": "^4.0.17",
        "@types/gulp-autoprefixer": "^0.0.37",
        "@types/gulp-clean-css": "^4.3.4",
        "@types/gulp-header": "^2.0.4",
        "@types/gulp-plumber": "^0.0.37",
        "@types/gulp-rename": "^2.0.6",
        "@types/gulp-sass": "^5.0.4",
        "@types/gulp-uglify": "^3.0.11",
        "@types/jquery": "^3.5.30",
        "@types/merge-stream": "^1.1.5"
      }
    },
    "node_modules/@popperjs/core": {
      "version": "2.11.8",
      "resolved": "https://registry.npmjs.org/@popperjs/core/-/core-2.11.8.tgz",
      "integrity": "sha512-P1st0aksCrn9sGZhp8GMYwBnQsbvAWsZAX44oXNNvLHGqAOcoVxmjZiohstwQ7SqKnbR47akdNi+uleWD8+g6A==",
      "dev": true,
      "funding": {
        "type": "opencollective",
        "url": "https://opencollective.com/popperjs"
      }
    },
    "node_modules/@types/bootstrap": {
      "version": "5.2.10",
      "resolved": "https://registry.npmjs.org/@types/bootstrap/-/bootstrap-5.2.10.tgz",
      "integrity": "sha512-F2X+cd6551tep0MvVZ6nM8v7XgGN/twpdNDjqS1TUM7YFNEtQYWk+dKAnH+T1gr6QgCoGMPl487xw/9hXooa2g==",
      "dev": true,
      "dependencies": {
        "@popperjs/core": "^2.9.2"
      }
    },
    "node_modules/@types/browser-sync": {
      "version": "2.29.0",
      "resolved": "https://registry.npmjs.org/@types/browser-sync/-/browser-sync-2.29.0.tgz",
      "integrity": "sha512-d2V8FDX/LbDCSm343N2VChzDxvll0h76I8oSigYpdLgPDmcdcR6fywTggKBkUiDM3qAbHOq7NZvepj/HJM5e2g==",
      "dev": true,
      "dependencies": {
        "@types/micromatch": "^2",
        "@types/node": "*",
        "@types/serve-static": "*",
        "chokidar": "^3.0.0"
      }
    },
    "node_modules/@types/chart.js": {
      "version": "2.9.41",
      "resolved": "https://registry.npmjs.org/@types/chart.js/-/chart.js-2.9.41.tgz",
      "integrity": "sha512-3dvkDvueckY83UyUXtJMalYoH6faOLkWQoaTlJgB4Djde3oORmNP0Jw85HtzTuXyliUHcdp704s0mZFQKio/KQ==",
      "dev": true,
      "dependencies": {
        "moment": "^2.10.2"
      }
    },
    "node_modules/@types/clean-css": {
      "version": "4.2.11",
      "resolved": "https://registry.npmjs.org/@types/clean-css/-/clean-css-4.2.11.tgz",
      "integrity": "sha512-Y8n81lQVTAfP2TOdtJJEsCoYl1AnOkqDqMvXb9/7pfgZZ7r8YrEyurrAvAoAjHOGXKRybay+5CsExqIH6liccw==",
      "dev": true,
      "dependencies": {
        "@types/node": "*",
        "source-map": "^0.6.0"
      }
    },
    "node_modules/@types/expect": {
      "version": "1.20.4",
      "resolved": "https://registry.npmjs.org/@types/expect/-/expect-1.20.4.tgz",
      "integrity": "sha512-Q5Vn3yjTDyCMV50TB6VRIbQNxSE4OmZR86VSbGaNpfUolm0iePBB4KdEEHmxoY5sT2+2DIvXW0rvMDP2nHZ4Mg==",
      "dev": true
    },
    "node_modules/@types/glob-stream": {
      "version": "8.0.2",
      "resolved": "https://registry.npmjs.org/@types/glob-stream/-/glob-stream-8.0.2.tgz",
      "integrity": "sha512-kyuRfGE+yiSJWzSO3t74rXxdZNdYfLcllO0IUha4eX1fl40pm9L02Q/TEc3mykTLjoWz4STBNwYnUWdFu3I0DA==",
      "dev": true,
      "dependencies": {
        "@types/node": "*",
        "@types/picomatch": "*",
        "@types/streamx": "*"
      }
    },
    "node_modules/@types/gulp": {
      "version": "4.0.17",
      "resolved": "https://registry.npmjs.org/@types/gulp/-/gulp-4.0.17.tgz",
      "integrity": "sha512-+pKQynu2C/HS16kgmDlAicjtFYP8kaa86eE9P0Ae7GB5W29we/E2TIdbOWtEZD5XkpY+jr8fyqfwO6SWZecLpQ==",
      "dev": true,
      "dependencies": {
        "@types/node": "*",
        "@types/undertaker": ">=1.2.6",
        "@types/vinyl-fs": "*",
        "chokidar": "^3.3.1"
      }
    },
    "node_modules/@types/gulp-autoprefixer": {
      "version": "0.0.37",
      "resolved": "https://registry.npmjs.org/@types/gulp-autoprefixer/-/gulp-autoprefixer-0.0.37.tgz",
      "integrity": "sha512-GLPDrYHQ7+7i9cHEGIkV4eB/iYF5I9YylpLxsFbHTsR+rbZ17nlZrwWfzolSvpHfjk3u0HIO9FrJdCr182SgeQ==",
      "dev": true,
      "dependencies": {
        "@types/node": "*"
      }
    },
    "node_modules/@types/gulp-clean-css": {
      "version": "4.3.4",
      "resolved": "https://registry.npmjs.org/@types/gulp-clean-css/-/gulp-clean-css-4.3.4.tgz",
      "integrity": "sha512-hhWlccgKESmVhT0a8PFI5R02pT9Mnyc8LlJScA5Z55XrG6dJs6vVEoPzPin7IR0YRaQOFuwlDOtzwx0WgxIahg==",
      "dev": true,
      "dependencies": {
        "@types/clean-css": "*",
        "@types/node": "*"
      }
    },
    "node_modules/@types/gulp-header": {
      "version": "2.0.4",
      "resolved": "https://registry.npmjs.org/@types/gulp-header/-/gulp-header-2.0.4.tgz",
      "integrity": "sha512-zNdPJ4mSuB6X6idac2+Y+2+5X/WkfZ5rIcZSBFrJdvuXd1JaG2LyeMbzDPVEj35mMVRadmJa0v5UQ+1nfR+1NA==",
      "dev": true,
      "dependencies": {
        "@types/node": "*"
      }
    },
    "node_modules/@types/gulp-plumber": {
      "version": "0.0.37",
      "resolved": "https://registry.npmjs.org/@types/gulp-plumber/-/gulp-plumber-0.0.37.tgz",
      "integrity": "sha512-U1vFhhwDepAWmJ1ZVl6p+uwk/+rAs8+QLTRlrMLMQQ7KeqPPCvD5vy6JHMeqXwnxMSlbboa2PXQqoMg+ljZIJQ==",
      "dev": true,
      "dependencies": {
        "@types/node": "*"
      }
    },
    "node_modules/@types/gulp-rename": {
      "version": "2.0.6",
      "resolved": "https://registry.npmjs.org/@types/gulp-rename/-/gulp-rename-2.0.6.tgz",
      "integrity": "sha512-pvZdJ004TpC4Ohk9l0CxEXzS9E0L72b5n6lkIEIaWUIy/RlqnkDMHVtEC6InDjd4rt0jZKcvTrDKxeT96WUYnw==",
      "dev": true,
      "dependencies": {
        "@types/node": "*",
        "@types/vinyl": "*"
      }
    },
    "node_modules/@types/gulp-sass": {
      "version": "5.0.4",
      "resolved": "https://registry.npmjs.org/@types/gulp-sass/-/gulp-sass-5.0.4.tgz",
      "integrity": "sha512-wDgpyM9fRq/k7kn1ZGcoY69Pj8+AlB50U9TKmBdbmHUduy+4b7WZ1zrDl4df43W+IqJegEgen6XAKO2+/RQILA==",
      "dev": true,
      "dependencies": {
        "@types/node": "*",
        "@types/node-sass": "*"
      }
    },
    "node_modules/@types/gulp-uglify": {
      "version": "3.0.11",
      "resolved": "https://registry.npmjs.org/@types/gulp-uglify/-/gulp-uglify-3.0.11.tgz",
      "integrity": "sha512-A2kjafbZmwHNzi2DmMjRNVgxdWFbg/o/c3sgl0Jk8OB9VpBTaMnoaTnxPO+a4vHckqTHXs+sZ0tNeGICrTP+Ug==",
      "dev": true,
      "dependencies": {
        "@types/node": "*",
        "@types/uglify-js": "*"
      }
    },
    "node_modules/@types/http-errors": {
      "version": "2.0.4",
      "resolved": "https://registry.npmjs.org/@types/http-errors/-/http-errors-2.0.4.tgz",
      "integrity": "sha512-D0CFMMtydbJAegzOyHjtiKPLlvnm3iTZyZRSZoLq2mRhDdmLfIWOCYPfQJ4cu2erKghU++QvjcUjp/5h7hESpA==",
      "dev": true
    },
    "node_modules/@types/jquery": {
      "version": "3.5.30",
      "resolved": "https://registry.npmjs.org/@types/jquery/-/jquery-3.5.30.tgz",
      "integrity": "sha512-nbWKkkyb919DOUxjmRVk8vwtDb0/k8FKncmUKFi+NY+QXqWltooxTrswvz4LspQwxvLdvzBN1TImr6cw3aQx2A==",
      "dev": true,
      "dependencies": {
        "@types/sizzle": "*"
      }
    },
    "node_modules/@types/merge-stream": {
      "version": "1.1.5",
      "resolved": "https://registry.npmjs.org/@types/merge-stream/-/merge-stream-1.1.5.tgz",
      "integrity": "sha512-z2DPerX+vlR3C88ec2jqJCO1/yVOGYaVL0JaB2/ri/NJqU8sNnT9NRpDZgJAJAO3Ve72CHIcnSqjU8HWjlHxJg==",
      "dev": true,
      "dependencies": {
        "@types/node": "*"
      }
    },
    "node_modules/@types/micromatch": {
      "version": "2.3.35",
      "resolved": "https://registry.npmjs.org/@types/micromatch/-/micromatch-2.3.35.tgz",
      "integrity": "sha512-J749bHo/Zu56w0G0NI/IGHLQPiSsjx//0zJhfEVAN95K/xM5C8ZDmhkXtU3qns0sBOao7HuQzr8XV1/2o5LbXA==",
      "dev": true,
      "dependencies": {
        "@types/parse-glob": "*"
      }
    },
    "node_modules/@types/mime": {
      "version": "1.3.5",
      "resolved": "https://registry.npmjs.org/@types/mime/-/mime-1.3.5.tgz",
      "integrity": "sha512-/pyBZWSLD2n0dcHE3hq8s8ZvcETHtEuF+3E7XVt0Ig2nvsVQXdghHVcEkIWjy9A0wKfTn97a/PSDYohKIlnP/w==",
      "dev": true
    },
    "node_modules/@types/node": {
      "version": "20.14.11",
      "resolved": "https://registry.npmjs.org/@types/node/-/node-20.14.11.tgz",
      "integrity": "sha512-kprQpL8MMeszbz6ojB5/tU8PLN4kesnN8Gjzw349rDlNgsSzg90lAVj3llK99Dh7JON+t9AuscPPFW6mPbTnSA==",
      "dev": true,
      "dependencies": {
        "undici-types": "~5.26.4"
      }
    },
    "node_modules/@types/node-sass": {
      "version": "4.11.7",
      "resolved": "https://registry.npmjs.org/@types/node-sass/-/node-sass-4.11.7.tgz",
      "integrity": "sha512-QY0sXZGPRzJ2obo66f9zB6S0Uo9PRdcoPKPbyftSoKXub90s4ut/JK3fYHOqmhYhRRVEB3P5o5rEnq2/bWBdeg==",
      "dev": true,
      "dependencies": {
        "@types/node": "*"
      }
    },
    "node_modules/@types/parse-glob": {
      "version": "3.0.32",
      "resolved": "https://registry.npmjs.org/@types/parse-glob/-/parse-glob-3.0.32.tgz",
      "integrity": "sha512-n4xmml2WKR12XeQprN8L/sfiVPa8FHS3k+fxp4kSr/PA2GsGUgFND+bvISJxM0y5QdvzNEGjEVU3eIrcKks/pA==",
      "dev": true
    },
    "node_modules/@types/picomatch": {
      "version": "3.0.0",
      "resolved": "https://registry.npmjs.org/@types/picomatch/-/picomatch-3.0.0.tgz",
      "integrity": "sha512-iX/Qwk9vU17N/5Q7QrV46wzciloTdCqTRt6z8A7uFFADM2+Sy5oQh9ldZhAiTXH+l0sM/EkXatEhJIs8FUyOBQ==",
      "dev": true
    },
    "node_modules/@types/send": {
      "version": "0.17.4",
      "resolved": "https://registry.npmjs.org/@types/send/-/send-0.17.4.tgz",
      "integrity": "sha512-x2EM6TJOybec7c52BX0ZspPodMsQUd5L6PRwOunVyVUhXiBSKf3AezDL8Dgvgt5o0UfKNfuA0eMLr2wLT4AiBA==",
      "dev": true,
      "dependencies": {
        "@types/mime": "^1",
        "@types/node": "*"
      }
    },
    "node_modules/@types/serve-static": {
      "version": "1.15.7",
      "resolved": "https://registry.npmjs.org/@types/serve-static/-/serve-static-1.15.7.tgz",
      "integrity": "sha512-W8Ym+h8nhuRwaKPaDw34QUkwsGi6Rc4yYqvKFo5rm2FUEhCFbzVWrxXUxuKK8TASjWsysJY0nsmNCGhCOIsrOw==",
      "dev": true,
      "dependencies": {
        "@types/http-errors": "*",
        "@types/node": "*",
        "@types/send": "*"
      }
    },
    "node_modules/@types/sizzle": {
      "version": "2.3.8",
      "resolved": "https://registry.npmjs.org/@types/sizzle/-/sizzle-2.3.8.tgz",
      "integrity": "sha512-0vWLNK2D5MT9dg0iOo8GlKguPAU02QjmZitPEsXRuJXU/OGIOt9vT9Fc26wtYuavLxtO45v9PGleoL9Z0k1LHg==",
      "dev": true
    },
    "node_modules/@types/streamx": {
      "version": "2.9.5",
      "resolved": "https://registry.npmjs.org/@types/streamx/-/streamx-2.9.5.tgz",
      "integrity": "sha512-IHYsa6jYrck8VEdSwpY141FTTf6D7boPeMq9jy4qazNrFMA4VbRz/sw5LSsfR7jwdDcx0QKWkUexZvsWBC2eIQ==",
      "dev": true,
      "dependencies": {
        "@types/node": "*"
      }
    },
    "node_modules/@types/uglify-js": {
      "version": "3.17.5",
      "resolved": "https://registry.npmjs.org/@types/uglify-js/-/uglify-js-3.17.5.tgz",
      "integrity": "sha512-TU+fZFBTBcXj/GpDpDaBmgWk/gn96kMZ+uocaFUlV2f8a6WdMzzI44QBCmGcCiYR0Y6ZlNRiyUyKKt5nl/lbzQ==",
      "dev": true,
      "dependencies": {
        "source-map": "^0.6.1"
      }
    },
    "node_modules/@types/undertaker": {
      "version": "1.2.11",
      "resolved": "https://registry.npmjs.org/@types/undertaker/-/undertaker-1.2.11.tgz",
      "integrity": "sha512-j1Z0V2ByRHr8ZK7eOeGq0LGkkdthNFW0uAZGY22iRkNQNL9/vAV0yFPr1QN3FM/peY5bxs9P+1f0PYJTQVa5iA==",
      "dev": true,
      "dependencies": {
        "@types/node": "*",
        "@types/undertaker-registry": "*",
        "async-done": "~1.3.2"
      }
    },
    "node_modules/@types/undertaker-registry": {
      "version": "1.0.4",
      "resolved": "https://registry.npmjs.org/@types/undertaker-registry/-/undertaker-registry-1.0.4.tgz",
      "integrity": "sha512-tW77pHh2TU4uebWXWeEM5laiw8BuJ7pyJYDh6xenOs75nhny2kVgwYbegJ4BoLMYsIrXaBpKYaPdYO3/udG+hg==",
      "dev": true
    },
    "node_modules/@types/vinyl": {
      "version": "2.0.12",
      "resolved": "https://registry.npmjs.org/@types/vinyl/-/vinyl-2.0.12.tgz",
      "integrity": "sha512-Sr2fYMBUVGYq8kj3UthXFAu5UN6ZW+rYr4NACjZQJvHvj+c8lYv0CahmZ2P/r7iUkN44gGUBwqxZkrKXYPb7cw==",
      "dev": true,
      "dependencies": {
        "@types/expect": "^1.20.4",
        "@types/node": "*"
      }
    },
    "node_modules/@types/vinyl-fs": {
      "version": "3.0.5",
      "resolved": "https://registry.npmjs.org/@types/vinyl-fs/-/vinyl-fs-3.0.5.tgz",
      "integrity": "sha512-ckYz9giHgV6U10RFuf9WsDQ3X86EFougapxHmmoxLK7e6ICQqO8CE+4V/3lBN148V5N1pb4nQMmMjyScleVsig==",
      "dev": true,
      "dependencies": {
        "@types/glob-stream": "*",
        "@types/node": "*",
        "@types/vinyl": "*"
      }
    },
    "node_modules/anymatch": {
      "version": "3.1.3",
      "resolved": "https://registry.npmjs.org/anymatch/-/anymatch-3.1.3.tgz",
      "integrity": "sha512-KMReFUr0B4t+D+OBkjR3KYqvocp2XaSzO55UcB6mgQMd3KbcE+mWTyvVV7D/zsdEbNnV6acZUutkiHQXvTr1Rw==",
      "dev": true,
      "dependencies": {
        "normalize-path": "^3.0.0",
        "picomatch": "^2.0.4"
      },
      "engines": {
        "node": ">= 8"
      }
    },
    "node_modules/async-done": {
      "version": "1.3.2",
      "resolved": "https://registry.npmjs.org/async-done/-/async-done-1.3.2.tgz",
      "integrity": "sha512-uYkTP8dw2og1tu1nmza1n1CMW0qb8gWWlwqMmLb7MhBVs4BXrFziT6HXUd+/RlRA/i4H9AkofYloUbs1fwMqlw==",
      "dev": true,
      "dependencies": {
        "end-of-stream": "^1.1.0",
        "once": "^1.3.2",
        "process-nextick-args": "^2.0.0",
        "stream-exhaust": "^1.0.1"
      },
      "engines": {
        "node": ">= 0.10"
      }
    },
    "node_modules/binary-extensions": {
      "version": "2.3.0",
      "resolved": "https://registry.npmjs.org/binary-extensions/-/binary-extensions-2.3.0.tgz",
      "integrity": "sha512-Ceh+7ox5qe7LJuLHoY0feh3pHuUDHAcRUeyL2VYghZwfpkNIy/+8Ocg0a3UuSoYzavmylwuLWQOf3hl0jjMMIw==",
      "dev": true,
      "engines": {
        "node": ">=8"
      },
      "funding": {
        "url": "https://github.com/sponsors/sindresorhus"
      }
    },
    "node_modules/braces": {
      "version": "3.0.3",
      "resolved": "https://registry.npmjs.org/braces/-/braces-3.0.3.tgz",
      "integrity": "sha512-yQbXgO/OSZVD2IsiLlro+7Hf6Q18EJrKSEsdoMzKePKXct3gvD8oLcOQdIzGupr5Fj+EDe8gO/lxc1BzfMpxvA==",
      "dev": true,
      "dependencies": {
        "fill-range": "^7.1.1"
      },
      "engines": {
        "node": ">=8"
      }
    },
    "node_modules/chokidar": {
      "version": "3.6.0",
      "resolved": "https://registry.npmjs.org/chokidar/-/chokidar-3.6.0.tgz",
      "integrity": "sha512-7VT13fmjotKpGipCW9JEQAusEPE+Ei8nl6/g4FBAmIm0GOOLMua9NDDo/DWp0ZAxCr3cPq5ZpBqmPAQgDda2Pw==",
      "dev": true,
      "dependencies": {
        "anymatch": "~3.1.2",
        "braces": "~3.0.2",
        "glob-parent": "~5.1.2",
        "is-binary-path": "~2.1.0",
        "is-glob": "~4.0.1",
        "normalize-path": "~3.0.0",
        "readdirp": "~3.6.0"
      },
      "engines": {
        "node": ">= 8.10.0"
      },
      "funding": {
        "url": "https://paulmillr.com/funding/"
      },
      "optionalDependencies": {
        "fsevents": "~2.3.2"
      }
    },
    "node_modules/end-of-stream": {
      "version": "1.4.4",
      "resolved": "https://registry.npmjs.org/end-of-stream/-/end-of-stream-1.4.4.tgz",
      "integrity": "sha512-+uw1inIHVPQoaVuHzRyXd21icM+cnt4CzD5rW+NC1wjOUSTOs+Te7FOv7AhN7vS9x/oIyhLP5PR1H+phQAHu5Q==",
      "dev": true,
      "dependencies": {
        "once": "^1.4.0"
      }
    },
    "node_modules/fill-range": {
      "version": "7.1.1",
      "resolved": "https://registry.npmjs.org/fill-range/-/fill-range-7.1.1.tgz",
      "integrity": "sha512-YsGpe3WHLK8ZYi4tWDg2Jy3ebRz2rXowDxnld4bkQB00cc/1Zw9AWnC0i9ztDJitivtQvaI9KaLyKrc+hBW0yg==",
      "dev": true,
      "dependencies": {
        "to-regex-range": "^5.0.1"
      },
      "engines": {
        "node": ">=8"
      }
    },
    "node_modules/fsevents": {
      "version": "2.3.3",
      "resolved": "https://registry.npmjs.org/fsevents/-/fsevents-2.3.3.tgz",
      "integrity": "sha512-5xoDfX+fL7faATnagmWPpbFtwh/R77WmMMqqHGS65C3vvB0YHrgF+B1YmZ3441tMj5n63k0212XNoJwzlhffQw==",
      "dev": true,
      "hasInstallScript": true,
      "optional": true,
      "os": [
        "darwin"
      ],
      "engines": {
        "node": "^8.16.0 || ^10.6.0 || >=11.0.0"
      }
    },
    "node_modules/glob-parent": {
      "version": "5.1.2",
      "resolved": "https://registry.npmjs.org/glob-parent/-/glob-parent-5.1.2.tgz",
      "integrity": "sha512-AOIgSQCepiJYwP3ARnGx+5VnTu2HBYdzbGP45eLw1vr3zB3vZLeyed1sC9hnbcOc9/SrMyM5RPQrkGz4aS9Zow==",
      "dev": true,
      "dependencies": {
        "is-glob": "^4.0.1"
      },
      "engines": {
        "node": ">= 6"
      }
    },
    "node_modules/is-binary-path": {
      "version": "2.1.0",
      "resolved": "https://registry.npmjs.org/is-binary-path/-/is-binary-path-2.1.0.tgz",
      "integrity": "sha512-ZMERYes6pDydyuGidse7OsHxtbI7WVeUEozgR/g7rd0xUimYNlvZRE/K2MgZTjWy725IfelLeVcEM97mmtRGXw==",
      "dev": true,
      "dependencies": {
        "binary-extensions": "^2.0.0"
      },
      "engines": {
        "node": ">=8"
      }
    },
    "node_modules/is-extglob": {
      "version": "2.1.1",
      "resolved": "https://registry.npmjs.org/is-extglob/-/is-extglob-2.1.1.tgz",
      "integrity": "sha512-SbKbANkN603Vi4jEZv49LeVJMn4yGwsbzZworEoyEiutsN3nJYdbO36zfhGJ6QEDpOZIFkDtnq5JRxmvl3jsoQ==",
      "dev": true,
      "engines": {
        "node": ">=0.10.0"
      }
    },
    "node_modules/is-glob": {
      "version": "4.0.3",
      "resolved": "https://registry.npmjs.org/is-glob/-/is-glob-4.0.3.tgz",
      "integrity": "sha512-xelSayHH36ZgE7ZWhli7pW34hNbNl8Ojv5KVmkJD4hBdD3th8Tfk9vYasLM+mXWOZhFkgZfxhLSnrwRr4elSSg==",
      "dev": true,
      "dependencies": {
        "is-extglob": "^2.1.1"
      },
      "engines": {
        "node": ">=0.10.0"
      }
    },
    "node_modules/is-number": {
      "version": "7.0.0",
      "resolved": "https://registry.npmjs.org/is-number/-/is-number-7.0.0.tgz",
      "integrity": "sha512-41Cifkg6e8TylSpdtTpeLVMqvSBEVzTttHvERD741+pnZ8ANv0004MRL43QKPDlK9cGvNp6NZWZUBlbGXYxxng==",
      "dev": true,
      "engines": {
        "node": ">=0.12.0"
      }
    },
    "node_modules/moment": {
      "version": "2.30.1",
      "resolved": "https://registry.npmjs.org/moment/-/moment-2.30.1.tgz",
      "integrity": "sha512-uEmtNhbDOrWPFS+hdjFCBfy9f2YoyzRpwcl+DqpC6taX21FzsTLQVbMV/W7PzNSX6x/bhC1zA3c2UQ5NzH6how==",
      "dev": true,
      "engines": {
        "node": "*"
      }
    },
    "node_modules/normalize-path": {
      "version": "3.0.0",
      "resolved": "https://registry.npmjs.org/normalize-path/-/normalize-path-3.0.0.tgz",
      "integrity": "sha512-6eZs5Ls3WtCisHWp9S2GUy8dqkpGi4BVSz3GaqiE6ezub0512ESztXUwUB6C6IKbQkY2Pnb/mD4WYojCRwcwLA==",
      "dev": true,
      "engines": {
        "node": ">=0.10.0"
      }
    },
    "node_modules/once": {
      "version": "1.4.0",
      "resolved": "https://registry.npmjs.org/once/-/once-1.4.0.tgz",
      "integrity": "sha512-lNaJgI+2Q5URQBkccEKHTQOPaXdUxnZZElQTZY0MFUAuaEqe1E+Nyvgdz/aIyNi6Z9MzO5dv1H8n58/GELp3+w==",
      "dev": true,
      "dependencies": {
        "wrappy": "1"
      }
    },
    "node_modules/picomatch": {
      "version": "2.3.1",
      "resolved": "https://registry.npmjs.org/picomatch/-/picomatch-2.3.1.tgz",
      "integrity": "sha512-JU3teHTNjmE2VCGFzuY8EXzCDVwEqB2a8fsIvwaStHhAWJEeVd1o1QD80CU6+ZdEXXSLbSsuLwJjkCBWqRQUVA==",
      "dev": true,
      "engines": {
        "node": ">=8.6"
      },
      "funding": {
        "url": "https://github.com/sponsors/jonschlinkert"
      }
    },
    "node_modules/process-nextick-args": {
      "version": "2.0.1",
      "resolved": "https://registry.npmjs.org/process-nextick-args/-/process-nextick-args-2.0.1.tgz",
      "integrity": "sha512-3ouUOpQhtgrbOa17J7+uxOTpITYWaGP7/AhoR3+A+/1e9skrzelGi/dXzEYyvbxubEF6Wn2ypscTKiKJFFn1ag==",
      "dev": true
    },
    "node_modules/readdirp": {
      "version": "3.6.0",
      "resolved": "https://registry.npmjs.org/readdirp/-/readdirp-3.6.0.tgz",
      "integrity": "sha512-hOS089on8RduqdbhvQ5Z37A0ESjsqz6qnRcffsMU3495FuTdqSm+7bhJ29JvIOsBDEEnan5DPu9t3To9VRlMzA==",
      "dev": true,
      "dependencies": {
        "picomatch": "^2.2.1"
      },
      "engines": {
        "node": ">=8.10.0"
      }
    },
    "node_modules/source-map": {
      "version": "0.6.1",
      "resolved": "https://registry.npmjs.org/source-map/-/source-map-0.6.1.tgz",
      "integrity": "sha512-UjgapumWlbMhkBgzT7Ykc5YXUT46F0iKu8SGXq0bcwP5dz/h0Plj6enJqjz1Zbq2l5WaqYnrVbwWOWMyF3F47g==",
      "dev": true,
      "engines": {
        "node": ">=0.10.0"
      }
    },
    "node_modules/stream-exhaust": {
      "version": "1.0.2",
      "resolved": "https://registry.npmjs.org/stream-exhaust/-/stream-exhaust-1.0.2.tgz",
      "integrity": "sha512-b/qaq/GlBK5xaq1yrK9/zFcyRSTNxmcZwFLGSTG0mXgZl/4Z6GgiyYOXOvY7N3eEvFRAG1bkDRz5EPGSvPYQlw==",
      "dev": true
    },
    "node_modules/to-regex-range": {
      "version": "5.0.1",
      "resolved": "https://registry.npmjs.org/to-regex-range/-/to-regex-range-5.0.1.tgz",
      "integrity": "sha512-65P7iz6X5yEr1cwcgvQxbbIw7Uk3gOy5dIdtZ4rDveLqhrdJP+Li/Hx6tyK0NEb+2GCyneCMJiGqrADCSNk8sQ==",
      "dev": true,
      "dependencies": {
        "is-number": "^7.0.0"
      },
      "engines": {
        "node": ">=8.0"
      }
    },
    "node_modules/types-registry": {
      "version": "0.1.685",
      "resolved": "https://registry.npmjs.org/types-registry/-/types-registry-0.1.685.tgz",
      "integrity": "sha512-dC3Nqu/q2Ey8Jj/YV0plEub0oycMiu3VaAf+tf8X5uhtiRS4iF1BubY5cra1LIaKr+fTblxQvoVAYIPeVj1A9g=="
    },
    "node_modules/undici-types": {
      "version": "5.26.5",
      "resolved": "https://registry.npmjs.org/undici-types/-/undici-types-5.26.5.tgz",
      "integrity": "sha512-JlCMO+ehdEIKqlFxk6IfVoAUVmgz7cU7zD/h9XZ0qzeosSHmUJVOzSQvvYSYWXkFXC+IfLKSIffhv0sVZup6pA==",
      "dev": true
    },
    "node_modules/wrappy": {
      "version": "1.0.2",
      "resolved": "https://registry.npmjs.org/wrappy/-/wrappy-1.0.2.tgz",
      "integrity": "sha512-l4Sp/DRseor9wL6EvV2+TuQn63dMkPjZ/sp9XkghTEbV9KlPS1xUsZ3u7/IQO4wxtcFB4bgpQPRcR3QCvezPcQ==",
      "dev": true
    }
  }
}
